
Microsoft Visual Studio Solution File, Format Version 12.00
# Visual Studio Version 16
VisualStudioVersion = 16.0.29806.167
MinimumVisualStudioVersion = 10.0.40219.1
Project("{FAE04EC0-301F-11D3-BF4B-00C04F79EFBC}") = "ProcP", "ProcP\ProcP.csproj", "{FC3C7D7A-5446-4040-8F88-672CA1E7AE9D}"
EndProject
Project("{2150E333-8FDC-42A3-9474-1A3956D46DE8}") = "Solution Items", "Solution Items", "{B7F5E4C3-D99C-484D-B175-B9E3C9490FAE}"
EndProject
Project("{54435603-DBB4-11D2-8724-00A0C9A8B90C}") = "Conveyor Belt Simulator Setup", "Conveyor Belt Simulator Setup\Conveyor Belt Simulator Setup.vdproj", "{8CF896CF-2E3D-4A67-A433-D60424B65564}"
EndProject
Project("{FAE04EC0-301F-11D3-BF4B-00C04F79EFBC}") = "Dijkstra'sUnitTesting", "Dijkstra'sUnitTesting\Dijkstra'sUnitTesting.csproj", "{4FA21CCA-D122-4995-B8B1-3AFF90FDAC36}"
EndProject
Global
	GlobalSection(SolutionConfigurationPlatforms) = preSolution
		Debug|Any CPU = Debug|Any CPU
		Release|Any CPU = Release|Any CPU
	EndGlobalSection
	GlobalSection(ProjectConfigurationPlatforms) = postSolution
		{FC3C7D7A-5446-4040-8F88-672CA1E7AE9D}.Debug|Any CPU.ActiveCfg = Debug|Any CPU
		{FC3C7D7A-5446-4040-8F88-672CA1E7AE9D}.Debug|Any CPU.Build.0 = Debug|Any CPU
		{FC3C7D7A-5446-4040-8F88-672CA1E7AE9D}.Release|Any CPU.ActiveCfg = Release|Any CPU
		{FC3C7D7A-5446-4040-8F88-672CA1E7AE9D}.Release|Any CPU.Build.0 = Release|Any CPU
		{8CF896CF-2E3D-4A67-A433-D60424B65564}.Debug|Any CPU.ActiveCfg = Debug
		{8CF896CF-2E3D-4A67-A433-D60424B65564}.Release|Any CPU.ActiveCfg = Release
		{4FA21CCA-D122-4995-B8B1-3AFF90FDAC36}.Debug|Any CPU.ActiveCfg = Debug|Any CPU
		{4FA21CCA-D122-4995-B8B1-3AFF90FDAC36}.Debug|Any CPU.Build.0 = Debug|Any CPU
		{4FA21CCA-D122-4995-B8B1-3AFF90FDAC36}.Release|Any CPU.ActiveCfg = Release|Any CPU
		{4FA21CCA-D122-4995-B8B1-3AFF90FDAC36}.Release|Any CPU.Build.0 = Release|Any CPU
	EndGlobalSection
	GlobalSection(SolutionProperties) = preSolution
		HideSolutionNode = FALSE
	EndGlobalSection
	GlobalSection(ExtensibilityGlobals) = postSolution
		SolutionGuid = {6FACD799-4F11-497B-82A3-36BB0353658C}
	EndGlobalSection
EndGlobal
